// !$*UTF8*$!
{
	archiveVersion = 1;
	classes = {
	};
	objectVersion = 46;
	objects = {

/* Begin PBXBuildFile section */
		1C8898611B6CAACB00C51487 /* main.swift in Sources */ = {isa = PBXBuildFile; fileRef = 1C8898601B6CAACB00C51487 /* main.swift */; };
		1C8898681B6CAB7900C51487 /* Subject.swift in Sources */ = {isa = PBXBuildFile; fileRef = 1C8898671B6CAB7900C51487 /* Subject.swift */; };
		1C88986A1B6CAC1600C51487 /* Observer.swift in Sources */ = {isa = PBXBuildFile; fileRef = 1C8898691B6CAC1600C51487 /* Observer.swift */; };
		1C88986C1B6CAE2100C51487 /* DisplayElement.swift in Sources */ = {isa = PBXBuildFile; fileRef = 1C88986B1B6CAE2100C51487 /* DisplayElement.swift */; };
		1C88986E1B6CAED900C51487 /* WeatherData.swift in Sources */ = {isa = PBXBuildFile; fileRef = 1C88986D1B6CAED900C51487 /* WeatherData.swift */; };
		1C8898701B6CC2BB00C51487 /* CurrentConditionsDisplay.swift in Sources */ = {isa = PBXBuildFile; fileRef = 1C88986F1B6CC2BB00C51487 /* CurrentConditionsDisplay.swift */; };
/* End PBXBuildFile section */

/* Begin PBXCopyFilesBuildPhase section */
		1C88985B1B6CAACB00C51487 /* CopyFiles */ = {
			isa = PBXCopyFilesBuildPhase;
			buildActionMask = 2147483647;
			dstPath = /usr/share/man/man1/;
			dstSubfolderSpec = 0;
			files = (
			);
			runOnlyForDeploymentPostprocessing = 1;
		};
/* End PBXCopyFilesBuildPhase section */

/* Begin PBXFileReference section */
		1C88985D1B6CAACB00C51487 /* Weather-O-Rama */ = {isa = PBXFileReference; explicitFileType = "compiled.mach-o.executable"; includeInIndex = 0; path = "Weather-O-Rama"; sourceTree = BUILT_PRODUCTS_DIR; };
		1C8898601B6CAACB00C51487 /* main.swift */ = {isa = PBXFileReference; lastKnownFileType = sourcecode.swift; path = main.swift; sourceTree = "<group>"; };
		1C8898671B6CAB7900C51487 /* Subject.swift */ = {isa = PBXFileReference; fileEncoding = 4; lastKnownFileType = sourcecode.swift; path = Subject.swift; sourceTree = "<group>"; };
		1C8898691B6CAC1600C51487 /* Observer.swift */ = {isa = PBXFileReference; fileEncoding = 4; lastKnownFileType = sourcecode.swift; path = Observer.swift; sourceTree = "<group>"; };
		1C88986B1B6CAE2100C51487 /* DisplayElement.swift */ = {isa = PBXFileReference; fileEncoding = 4; lastKnownFileType = sourcecode.swift; path = DisplayElement.swift; sourceTree = "<group>"; };
		1C88986D1B6CAED900C51487 /* WeatherData.swift */ = {isa = PBXFileReference; fileEncoding = 4; lastKnownFileType = sourcecode.swift; path = WeatherData.swift; sourceTree = "<group>"; };
		1C88986F1B6CC2BB00C51487 /* CurrentConditionsDisplay.swift */ = {isa = PBXFileReference; fileEncoding = 4; lastKnownFileType = sourcecode.swift; path = CurrentConditionsDisplay.swift; sourceTree = "<group>"; };
/* End PBXFileReference section */

/* Begin PBXFrameworksBuildPhase section */
		1C88985A1B6CAACB00C51487 /* Frameworks */ = {
			isa = PBXFrameworksBuildPhase;
			buildActionMask = 2147483647;
			files = (
			);
			runOnlyForDeploymentPostprocessing = 0;
		};
/* End PBXFrameworksBuildPhase section */

/* Begin PBXGroup section */
		1C8898541B6CAACB00C51487 = {
			isa = PBXGroup;
			children = (
				1C88985F1B6CAACB00C51487 /* Weather-O-Rama */,
				1C88985E1B6CAACB00C51487 /* Products */,
			);
			sourceTree = "<group>";
		};
		1C88985E1B6CAACB00C51487 /* Products */ = {
			isa = PBXGroup;
			children = (
				1C88985D1B6CAACB00C51487 /* Weather-O-Rama */,
			);
			name = Products;
			sourceTree = "<group>";
		};
		1C88985F1B6CAACB00C51487 /* Weather-O-Rama */ = {
			isa = PBXGroup;
			children = (
				1C8898601B6CAACB00C51487 /* main.swift */,
				1C8898671B6CAB7900C51487 /* Subject.swift */,
				1C8898691B6CAC1600C51487 /* Observer.swift */,
				1C88986B1B6CAE2100C51487 /* DisplayElement.swift */,
				1C88986D1B6CAED900C51487 /* WeatherData.swift */,
				1C88986F1B6CC2BB00C51487 /* CurrentConditionsDisplay.swift */,
			);
			path = "Weather-O-Rama";
			sourceTree = "<group>";
		};
/* End PBXGroup section */

/* Begin PBXNativeTarget section */
		1C88985C1B6CAACB00C51487 /* Weather-O-Rama */ = {
			isa = PBXNativeTarget;
			buildConfigurationList = 1C8898641B6CAACB00C51487 /* Build configuration list for PBXNativeTarget "Weather-O-Rama" */;
			buildPhases = (
				1C8898591B6CAACB00C51487 /* Sources */,
				1C88985A1B6CAACB00C51487 /* Frameworks */,
				1C88985B1B6CAACB00C51487 /* CopyFiles */,
			);
			buildRules = (
			);
			dependencies = (
			);
			name = "Weather-O-Rama";
			productName = "Weather-O-Rama";
			productReference = 1C88985D1B6CAACB00C51487 /* Weather-O-Rama */;
			productType = "com.apple.product-type.tool";
		};
/* End PBXNativeTarget section */

/* Begin PBXProject section */
		1C8898551B6CAACB00C51487 /* Project object */ = {
			isa = PBXProject;
			attributes = {
				LastUpgradeCheck = 0640;
				ORGANIZATIONNAME = mfmf.me;
				TargetAttributes = {
					1C88985C1B6CAACB00C51487 = {
						CreatedOnToolsVersion = 6.4;
					};
				};
			};
			buildConfigurationList = 1C8898581B6CAACB00C51487 /* Build configuration list for PBXProject "Weather-O-Rama" */;
			compatibilityVersion = "Xcode 3.2";
			developmentRegion = English;
			hasScannedForEncodings = 0;
			knownRegions = (
				en,
			);
			mainGroup = 1C8898541B6CAACB00C51487;
			productRefGroup = 1C88985E1B6CAACB00C51487 /* Products */;
			projectDirPath = "";
			projectRoot = "";
			targets = (
				1C88985C1B6CAACB00C51487 /* Weather-O-Rama */,
			);
		};
/* End PBXProject section */

/* Begin PBXSourcesBuildPhase section */
		1C8898591B6CAACB00C51487 /* Sources */ = {
			isa = PBXSourcesBuildPhase;
			buildActionMask = 2147483647;
			files = (
				1C8898701B6CC2BB00C51487 /* CurrentConditionsDisplay.swift in Sources */,
				1C8898681B6CAB7900C51487 /* Subject.swift in Sources */,
				1C88986E1B6CAED900C51487 /* WeatherData.swift in Sources */,
				1C88986A1B6CAC1600C51487 /* Observer.swift in Sources */,
				1C8898611B6CAACB00C51487 /* main.swift in Sources */,
				1C88986C1B6CAE2100C51487 /* DisplayElement.swift in Sources */,
			);
			runOnlyForDeploymentPostprocessing = 0;
		};
/* End PBXSourcesBuildPhase section */

/* Begin XCBuildConfiguration section */
		1C8898621B6CAACB00C51487 /* Debug */ = {
			isa = XCBuildConfiguration;
			buildSettings = {
				ALWAYS_SEARCH_USER_PATHS = NO;
				CLANG_CXX_LANGUAGE_STANDARD = "gnu++0x";
				CLANG_CXX_LIBRARY = "libc++";
				CLANG_ENABLE_MODULES = YES;
				CLANG_ENABLE_OBJC_ARC = YES;
				CLANG_WARN_BOOL_CONVERSION = YES;
				CLANG_WARN_CONSTANT_CONVERSION = YES;
				CLANG_WARN_DIRECT_OBJC_ISA_USAGE = YES_ERROR;
				CLANG_WARN_EMPTY_BODY = YES;
				CLANG_WARN_ENUM_CONVERSION = YES;
				CLANG_WARN_INT_CONVERSION = YES;
				CLANG_WARN_OBJC_ROOT_CLASS = YES_ERROR;
				CLANG_WARN_UNREACHABLE_CODE = YES;
				CLANG_WARN__DUPLICATE_METHOD_MATCH = YES;
				COPY_PHASE_STRIP = NO;
				DEBUG_INFORMATION_FORMAT = dwarf;
				ENABLE_STRICT_OBJC_MSGSEND = YES;
				GCC_C_LANGUAGE_STANDARD = gnu99;
				GCC_DYNAMIC_NO_PIC = NO;
				GCC_NO_COMMON_BLOCKS = YES;
				GCC_OPTIMIZATION_LEVEL = 0;
				GCC_PREPROCESSOR_DEFINITIONS = (
					"DEBUG=1",
					"$(inherited)",
				);
				GCC_SYMBOLS_PRIVATE_EXTERN = NO;
				GCC_WARN_64_TO_32_BIT_CONVERSION = YES;
				GCC_WARN_ABOUT_RETURN_TYPE = YES_ERROR;
				GCC_WARN_UNDECLARED_SELECTOR = YES;
				GCC_WARN_UNINITIALIZED_AUTOS = YES_AGGRESSIVE;
				GCC_WARN_UNUSED_FUNCTION = YES;
				GCC_WARN_UNUSED_VARIABLE = YES;
				MACOSX_DEPLOYMENT_TARGET = 10.10;
				MTL_ENABLE_DEBUG_INFO = YES;
				ONLY_ACTIVE_ARCH = YES;
				SDKROOT = macosx;
				SWIFT_OPTIMIZATION_LEVEL = "-Onone";
			};
			name = Debug;
		};
		1C8898631B6CAACB00C51487 /* Release */ = {
			isa = XCBuildConfiguration;
			buildSettings = {
				ALWAYS_SEARCH_USER_PATHS = NO;
				CLANG_CXX_LANGUAGE_STANDARD = "gnu++0x";
				CLANG_CXX_LIBRARY = "libc++";
				CLANG_ENABLE_MODULES = YES;
				CLANG_ENABLE_OBJC_ARC = YES;
				CLANG_WARN_BOOL_CONVERSION = YES;
				CLANG_WARN_CONSTANT_CONVERSION = YES;
				CLANG_WARN_DIRECT_OBJC_ISA_USAGE = YES_ERROR;
				CLANG_WARN_EMPTY_BODY = YES;
				CLANG_WARN_ENUM_CONVERSION = YES;
				CLANG_WARN_INT_CONVERSION = YES;
				CLANG_WARN_OBJC_ROOT_CLASS = YES_ERROR;
				CLANG_WARN_UNREACHABLE_CODE = YES;
				CLANG_WARN__DUPLICATE_METHOD_MATCH = YES;
				COPY_PHASE_STRIP = NO;
				DEBUG_INFORMATION_FORMAT = "dwarf-with-dsym";
				ENABLE_NS_ASSERTIONS = NO;
				ENABLE_STRICT_OBJC_MSGSEND = YES;
				GCC_C_LANGUAGE_STANDARD = gnu99;
				GCC_NO_COMMON_BLOCKS = YES;
				GCC_WARN_64_TO_32_BIT_CONVERSION = YES;
				GCC_WARN_ABOUT_RETURN_TYPE = YES_ERROR;
				GCC_WARN_UNDECLARED_SELECTOR = YES;
				GCC_WARN_UNINITIALIZED_AUTOS = YES_AGGRESSIVE;
				GCC_WARN_UNUSED_FUNCTION = YES;
				GCC_WARN_UNUSED_VARIABLE = YES;
				MACOSX_DEPLOYMENT_TARGET = 10.10;
				MTL_ENABLE_DEBUG_INFO = NO;
				SDKROOT = macosx;
			};
			name = Release;
		};
		1C8898651B6CAACB00C51487 /* Debug */ = {
			isa = XCBuildConfiguration;
			buildSettings = {
				PRODUCT_NAME = "$(TARGET_NAME)";
			};
			name = Debug;
		};
		1C8898661B6CAACB00C51487 /* Release */ = {
			isa = XCBuildConfiguration;
			buildSettings = {
				PRODUCT_NAME = "$(TARGET_NAME)";
			};
			name = Release;
		};
/* End XCBuildConfiguration section */

/* Begin XCConfigurationList section */
		1C8898581B6CAACB00C51487 /* Build configuration list for PBXProject "Weather-O-Rama" */ = {
			isa = XCConfigurationList;
			buildConfigurations = (
				1C8898621B6CAACB00C51487 /* Debug */,
				1C8898631B6CAACB00C51487 /* Release */,
			);
			defaultConfigurationIsVisible = 0;
			defaultConfigurationName = Release;
		};
		1C8898641B6CAACB00C51487 /* Build configuration list for PBXNativeTarget "Weather-O-Rama" */ = {
			isa = XCConfigurationList;
			buildConfigurations = (
				1C8898651B6CAACB00C51487 /* Debug */,
				1C8898661B6CAACB00C51487 /* Release */,
			);
			defaultConfigurationIsVisible = 0;
		};
/* End XCConfigurationList section */
	};
	rootObject = 1C8898551B6CAACB00C51487 /* Project object */;
}
